// !$*UTF8*$!
{
	archiveVersion = 1;
	classes = {
	};
	objectVersion = 50;
	objects = {

/* Begin PBXBuildFile section */
		648E805D222D6AFC001FEFB7 /* AppDelegate.swift in Sources */ = {isa = PBXBuildFile; fileRef = 648E805C222D6AFC001FEFB7 /* AppDelegate.swift */; };
		648E805F222D6AFC001FEFB7 /* MasterViewController.swift in Sources */ = {isa = PBXBuildFile; fileRef = 648E805E222D6AFC001FEFB7 /* MasterViewController.swift */; };
		648E8061222D6AFC001FEFB7 /* DetailViewController.swift in Sources */ = {isa = PBXBuildFile; fileRef = 648E8060222D6AFC001FEFB7 /* DetailViewController.swift */; };
		648E8064222D6AFC001FEFB7 /* Main.storyboard in Resources */ = {isa = PBXBuildFile; fileRef = 648E8062222D6AFC001FEFB7 /* Main.storyboard */; };
		648E8066222D6B02001FEFB7 /* Assets.xcassets in Resources */ = {isa = PBXBuildFile; fileRef = 648E8065222D6B02001FEFB7 /* Assets.xcassets */; };
		648E8069222D6B02001FEFB7 /* LaunchScreen.storyboard in Resources */ = {isa = PBXBuildFile; fileRef = 648E8067222D6B02001FEFB7 /* LaunchScreen.storyboard */; };
		648E8071222D6CA9001FEFB7 /* DataManager.swift in Sources */ = {isa = PBXBuildFile; fileRef = 648E8070222D6CA9001FEFB7 /* DataManager.swift */; };
/* End PBXBuildFile section */

/* Begin PBXFileReference section */
		648E8059222D6AFC001FEFB7 /* SImpleJSON_ZMB.app */ = {isa = PBXFileReference; explicitFileType = wrapper.application; includeInIndex = 0; path = SImpleJSON_ZMB.app; sourceTree = BUILT_PRODUCTS_DIR; };
		648E805C222D6AFC001FEFB7 /* AppDelegate.swift */ = {isa = PBXFileReference; lastKnownFileType = sourcecode.swift; path = AppDelegate.swift; sourceTree = "<group>"; };
		648E805E222D6AFC001FEFB7 /* MasterViewController.swift */ = {isa = PBXFileReference; lastKnownFileType = sourcecode.swift; path = MasterViewController.swift; sourceTree = "<group>"; };
		648E8060222D6AFC001FEFB7 /* DetailViewController.swift */ = {isa = PBXFileReference; lastKnownFileType = sourcecode.swift; path = DetailViewController.swift; sourceTree = "<group>"; };
		648E8063222D6AFC001FEFB7 /* Base */ = {isa = PBXFileReference; lastKnownFileType = file.storyboard; name = Base; path = Base.lproj/Main.storyboard; sourceTree = "<group>"; };
		648E8065222D6B02001FEFB7 /* Assets.xcassets */ = {isa = PBXFileReference; lastKnownFileType = folder.assetcatalog; path = Assets.xcassets; sourceTree = "<group>"; };
		648E8068222D6B02001FEFB7 /* Base */ = {isa = PBXFileReference; lastKnownFileType = file.storyboard; name = Base; path = Base.lproj/LaunchScreen.storyboard; sourceTree = "<group>"; };
		648E806A222D6B02001FEFB7 /* Info.plist */ = {isa = PBXFileReference; lastKnownFileType = text.plist.xml; path = Info.plist; sourceTree = "<group>"; };
		648E8070222D6CA9001FEFB7 /* DataManager.swift */ = {isa = PBXFileReference; lastKnownFileType = sourcecode.swift; path = DataManager.swift; sourceTree = "<group>"; };
/* End PBXFileReference section */

/* Begin PBXFrameworksBuildPhase section */
		648E8056222D6AFC001FEFB7 /* Frameworks */ = {
			isa = PBXFrameworksBuildPhase;
			buildActionMask = 2147483647;
			files = (
			);
			runOnlyForDeploymentPostprocessing = 0;
		};
/* End PBXFrameworksBuildPhase section */

/* Begin PBXGroup section */
		648E8050222D6AFC001FEFB7 = {
			isa = PBXGroup;
			children = (
				648E805B222D6AFC001FEFB7 /* SImpleJSON_ZMB */,
				648E805A222D6AFC001FEFB7 /* Products */,
			);
			sourceTree = "<group>";
		};
		648E805A222D6AFC001FEFB7 /* Products */ = {
			isa = PBXGroup;
			children = (
				648E8059222D6AFC001FEFB7 /* SImpleJSON_ZMB.app */,
			);
			name = Products;
			sourceTree = "<group>";
		};
		648E805B222D6AFC001FEFB7 /* SImpleJSON_ZMB */ = {
			isa = PBXGroup;
			children = (
				648E805C222D6AFC001FEFB7 /* AppDelegate.swift */,
				648E805E222D6AFC001FEFB7 /* MasterViewController.swift */,
				648E8060222D6AFC001FEFB7 /* DetailViewController.swift */,
				648E8062222D6AFC001FEFB7 /* Main.storyboard */,
				648E8065222D6B02001FEFB7 /* Assets.xcassets */,
				648E8067222D6B02001FEFB7 /* LaunchScreen.storyboard */,
				648E806A222D6B02001FEFB7 /* Info.plist */,
				648E8070222D6CA9001FEFB7 /* DataManager.swift */,
			);
			path = SImpleJSON_ZMB;
			sourceTree = "<group>";
		};
/* End PBXGroup section */

/* Begin PBXNativeTarget section */
		648E8058222D6AFC001FEFB7 /* SImpleJSON_ZMB */ = {
			isa = PBXNativeTarget;
			buildConfigurationList = 648E806D222D6B02001FEFB7 /* Build configuration list for PBXNativeTarget "SImpleJSON_ZMB" */;
			buildPhases = (
				648E8055222D6AFC001FEFB7 /* Sources */,
				648E8056222D6AFC001FEFB7 /* Frameworks */,
				648E8057222D6AFC001FEFB7 /* Resources */,
			);
			buildRules = (
			);
			dependencies = (
			);
			name = SImpleJSON_ZMB;
			productName = SImpleJSON_ZMB;
			productReference = 648E8059222D6AFC001FEFB7 /* SImpleJSON_ZMB.app */;
			productType = "com.apple.product-type.application";
		};
/* End PBXNativeTarget section */

/* Begin PBXProject section */
		648E8051222D6AFC001FEFB7 /* Project object */ = {
			isa = PBXProject;
			attributes = {
				LastSwiftUpdateCheck = 1010;
				LastUpgradeCheck = 1010;
				ORGANIZATIONNAME = "Zane Burton";
				TargetAttributes = {
					648E8058222D6AFC001FEFB7 = {
						CreatedOnToolsVersion = 10.1;
					};
				};
			};
			buildConfigurationList = 648E8054222D6AFC001FEFB7 /* Build configuration list for PBXProject "SImpleJSON_ZMB" */;
			compatibilityVersion = "Xcode 9.3";
			developmentRegion = en;
			hasScannedForEncodings = 0;
			knownRegions = (
				en,
				Base,
			);
			mainGroup = 648E8050222D6AFC001FEFB7;
			productRefGroup = 648E805A222D6AFC001FEFB7 /* Products */;
			projectDirPath = "";
			projectRoot = "";
			targets = (
				648E8058222D6AFC001FEFB7 /* SImpleJSON_ZMB */,
			);
		};
/* End PBXProject section */

/* Begin PBXResourcesBuildPhase section */
		648E8057222D6AFC001FEFB7 /* Resources */ = {
			isa = PBXResourcesBuildPhase;
			buildActionMask = 2147483647;
			files = (
				648E8069222D6B02001FEFB7 /* LaunchScreen.storyboard in Resources */,
				648E8066222D6B02001FEFB7 /* Assets.xcassets in Resources */,
				648E8064222D6AFC001FEFB7 /* Main.storyboard in Resources */,
			);
			runOnlyForDeploymentPostprocessing = 0;
		};
/* End PBXResourcesBuildPhase section */

/* Begin PBXSourcesBuildPhase section */
		648E8055222D6AFC001FEFB7 /* Sources */ = {
			isa = PBXSourcesBuildPhase;
			buildActionMask = 2147483647;
			files = (
				648E8061222D6AFC001FEFB7 /* DetailViewController.swift in Sources */,
				648E8071222D6CA9001FEFB7 /* DataManager.swift in Sources */,
				648E805F222D6AFC001FEFB7 /* MasterViewController.swift in Sources */,
				648E805D222D6AFC001FEFB7 /* AppDelegate.swift in Sources */,
			);
			runOnlyForDeploymentPostprocessing = 0;
		};
/* End PBXSourcesBuildPhase section */

/* Begin PBXVariantGroup section */
		648E8062222D6AFC001FEFB7 /* Main.storyboard */ = {
			isa = PBXVariantGroup;
			children = (
				648E8063222D6AFC001FEFB7 /* Base */,
			);
			name = Main.storyboard;
			sourceTree = "<group>";
		};
		648E8067222D6B02001FEFB7 /* LaunchScreen.storyboard */ = {
			isa = PBXVariantGroup;
			children = (
				648E8068222D6B02001FEFB7 /* Base */,
			);
			name = LaunchScreen.storyboard;
			sourceTree = "<group>";
		};
/* End PBXVariantGroup section */

/* Begin XCBuildConfiguration section */
		648E806B222D6B02001FEFB7 /* Debug */ = {
			isa = XCBuildConfiguration;
			buildSettings = {
				ALWAYS_SEARCH_USER_PATHS = NO;
				CLANG_ANALYZER_NONNULL = YES;
				CLANG_ANALYZER_NUMBER_OBJECT_CONVERSION = YES_AGGRESSIVE;
				CLANG_CXX_LANGUAGE_STANDARD = "gnu++14";
				CLANG_CXX_LIBRARY = "libc++";
				CLANG_ENABLE_MODULES = YES;
				CLANG_ENABLE_OBJC_ARC = YES;
				CLANG_ENABLE_OBJC_WEAK = YES;
				CLANG_WARN_BLOCK_CAPTURE_AUTORELEASING = YES;
				CLANG_WARN_BOOL_CONVERSION = YES;
				CLANG_WARN_COMMA = YES;
				CLANG_WARN_CONSTANT_CONVERSION = YES;
				CLANG_WARN_DEPRECATED_OBJC_IMPLEMENTATIONS = YES;
				CLANG_WARN_DIRECT_OBJC_ISA_USAGE = YES_ERROR;
				CLANG_WARN_DOCUMENTATION_COMMENTS = YES;
				CLANG_WARN_EMPTY_BODY = YES;
				CLANG_WARN_ENUM_CONVERSION = YES;
				CLANG_WARN_INFINITE_RECURSION = YES;
				CLANG_WARN_INT_CONVERSION = YES;
				CLANG_WARN_NON_LITERAL_NULL_CONVERSION = YES;
				CLANG_WARN_OBJC_IMPLICIT_RETAIN_SELF = YES;
				CLANG_WARN_OBJC_LITERAL_CONVERSION = YES;
				CLANG_WARN_OBJC_ROOT_CLASS = YES_ERROR;
				CLANG_WARN_RANGE_LOOP_ANALYSIS = YES;
				CLANG_WARN_STRICT_PROTOTYPES = YES;
				CLANG_WARN_SUSPICIOUS_MOVE = YES;
				CLANG_WARN_UNGUARDED_AVAILABILITY = YES_AGGRESSIVE;
				CLANG_WARN_UNREACHABLE_CODE = YES;
				CLANG_WARN__DUPLICATE_METHOD_MATCH = YES;
				CODE_SIGN_IDENTITY = "iPhone Developer";
				COPY_PHASE_STRIP = NO;
				DEBUG_INFORMATION_FORMAT = dwarf;
				ENABLE_STRICT_OBJC_MSGSEND = YES;
				ENABLE_TESTABILITY = YES;
				GCC_C_LANGUAGE_STANDARD = gnu11;
				GCC_DYNAMIC_NO_PIC = NO;
				GCC_NO_COMMON_BLOCKS = YES;
				GCC_OPTIMIZATION_LEVEL = 0;
				GCC_PREPROCESSOR_DEFINITIONS = (
					"DEBUG=1",
					"$(inherited)",
				);
				GCC_WARN_64_TO_32_BIT_CONVERSION = YES;
				GCC_WARN_ABOUT_RETURN_TYPE = YES_ERROR;
				GCC_WARN_UNDECLARED_SELECTOR = YES;
				GCC_WARN_UNINITIALIZED_AUTOS = YES_AGGRESSIVE;
				GCC_WARN_UNUSED_FUNCTION = YES;
				GCC_WARN_UNUSED_VARIABLE = YES;
				IPHONEOS_DEPLOYMENT_TARGET = 12.1;
				MTL_ENABLE_DEBUG_INFO = INCLUDE_SOURCE;
				MTL_FAST_MATH = YES;
				ONLY_ACTIVE_ARCH = YES;
				SDKROOT = iphoneos;
				SWIFT_ACTIVE_COMPILATION_CONDITIONS = DEBUG;
				SWIFT_OPTIMIZATION_LEVEL = "-Onone";
			};
			name = Debug;
		};
		648E806C222D6B02001FEFB7 /* Release */ = {
			isa = XCBuildConfiguration;
			buildSettings = {
				ALWAYS_SEARCH_USER_PATHS = NO;
				CLANG_ANALYZER_NONNULL = YES;
				CLANG_ANALYZER_NUMBER_OBJECT_CONVERSION = YES_AGGRESSIVE;
				CLANG_CXX_LANGUAGE_STANDARD = "gnu++14";
				CLANG_CXX_LIBRARY = "libc++";
				CLANG_ENABLE_MODULES = YES;
				CLANG_ENABLE_OBJC_ARC = YES;
				CLANG_ENABLE_OBJC_WEAK = YES;
				CLANG_WARN_BLOCK_CAPTURE_AUTORELEASING = YES;
				CLANG_WARN_BOOL_CONVERSION = YES;
				CLANG_WARN_COMMA = YES;
				CLANG_WARN_CONSTANT_CONVERSION = YES;
				CLANG_WARN_DEPRECATED_OBJC_IMPLEMENTATIONS = YES;
				CLANG_WARN_DIRECT_OBJC_ISA_USAGE = YES_ERROR;
				CLANG_WARN_DOCUMENTATION_COMMENTS = YES;
				CLANG_WARN_EMPTY_BODY = YES;
				CLANG_WARN_ENUM_CONVERSION = YES;
				CLANG_WARN_INFINITE_RECURSION = YES;
				CLANG_WARN_INT_CONVERSION = YES;
				CLANG_WARN_NON_LITERAL_NULL_CONVERSION = YES;
				CLANG_WARN_OBJC_IMPLICIT_RETAIN_SELF = YES;
				CLANG_WARN_OBJC_LITERAL_CONVERSION = YES;
				CLANG_WARN_OBJC_ROOT_CLASS = YES_ERROR;
				CLANG_WARN_RANGE_LOOP_ANALYSIS = YES;
				CLANG_WARN_STRICT_PROTOTYPES = YES;
				CLANG_WARN_SUSPICIOUS_MOVE = YES;
				CLANG_WARN_UNGUARDED_AVAILABILITY = YES_AGGRESSIVE;
				CLANG_WARN_UNREACHABLE_CODE = YES;
				CLANG_WARN__DUPLICATE_METHOD_MATCH = YES;
				CODE_SIGN_IDENTITY = "iPhone Developer";
				COPY_PHASE_STRIP = NO;
				DEBUG_INFORMATION_FORMAT = "dwarf-with-dsym";
				ENABLE_NS_ASSERTIONS = NO;
				ENABLE_STRICT_OBJC_MSGSEND = YES;
				GCC_C_LANGUAGE_STANDARD = gnu11;
				GCC_NO_COMMON_BLOCKS = YES;
				GCC_WARN_64_TO_32_BIT_CONVERSION = YES;
				GCC_WARN_ABOUT_RETURN_TYPE = YES_ERROR;
				GCC_WARN_UNDECLARED_SELECTOR = YES;
				GCC_WARN_UNINITIALIZED_AUTOS = YES_AGGRESSIVE;
				GCC_WARN_UNUSED_FUNCTION = YES;
				GCC_WARN_UNUSED_VARIABLE = YES;
				IPHONEOS_DEPLOYMENT_TARGET = 12.1;
				MTL_ENABLE_DEBUG_INFO = NO;
				MTL_FAST_MATH = YES;
				SDKROOT = iphoneos;
				SWIFT_COMPILATION_MODE = wholemodule;
				SWIFT_OPTIMIZATION_LEVEL = "-O";
				VALIDATE_PRODUCT = YES;
			};
			name = Release;
		};
		648E806E222D6B02001FEFB7 /* Debug */ = {
			isa = XCBuildConfiguration;
			buildSettings = {
				ASSETCATALOG_COMPILER_APPICON_NAME = AppIcon;
				CODE_SIGN_STYLE = Automatic;
				DEVELOPMENT_TEAM = 7V4Y724MB6;
				INFOPLIST_FILE = SImpleJSON_ZMB/Info.plist;
				LD_RUNPATH_SEARCH_PATHS = (
					"$(inherited)",
					"@executable_path/Frameworks",
				);
				PRODUCT_BUNDLE_IDENTIFIER = "com.edu.ZaneBurton.SImpleJSON-ZMB";
				PRODUCT_NAME = "$(TARGET_NAME)";
				SWIFT_VERSION = 4.2;
				TARGETED_DEVICE_FAMILY = "1,2";
			};
			name = Debug;
		};
		648E806F222D6B02001FEFB7 /* Release */ = {
			isa = XCBuildConfiguration;
			buildSettings = {
				ASSETCATALOG_COMPILER_APPICON_NAME = AppIcon;
				CODE_SIGN_STYLE = Automatic;
				DEVELOPMENT_TEAM = 7V4Y724MB6;
				INFOPLIST_FILE = SImpleJSON_ZMB/Info.plist;
				LD_RUNPATH_SEARCH_PATHS = (
					"$(inherited)",
					"@executable_path/Frameworks",
				);
				PRODUCT_BUNDLE_IDENTIFIER = "com.edu.ZaneBurton.SImpleJSON-ZMB";
				PRODUCT_NAME = "$(TARGET_NAME)";
				SWIFT_VERSION = 4.2;
				TARGETED_DEVICE_FAMILY = "1,2";
			};
			name = Release;
		};
/* End XCBuildConfiguration section */

/* Begin XCConfigurationList section */
		648E8054222D6AFC001FEFB7 /* Build configuration list for PBXProject "SImpleJSON_ZMB" */ = {
			isa = XCConfigurationList;
			buildConfigurations = (
				648E806B222D6B02001FEFB7 /* Debug */,
				648E806C222D6B02001FEFB7 /* Release */,
			);
			defaultConfigurationIsVisible = 0;
			defaultConfigurationName = Release;
		};
		648E806D222D6B02001FEFB7 /* Build configuration list for PBXNativeTarget "SImpleJSON_ZMB" */ = {
			isa = XCConfigurationList;
			buildConfigurations = (
				648E806E222D6B02001FEFB7 /* Debug */,
				648E806F222D6B02001FEFB7 /* Release */,
			);
			defaultConfigurationIsVisible = 0;
			defaultConfigurationName = Release;
		};
/* End XCConfigurationList section */
	};
	rootObject = 648E8051222D6AFC001FEFB7 /* Project object */;
}
